
Microsoft Visual Studio Solution File, Format Version 12.00
# Visual Studio Version 17
VisualStudioVersion = 17.0.31903.59
MinimumVisualStudioVersion = 10.0.40219.1
Project("{2150E333-8FDC-42A3-9474-1A3956D46DE8}") = "接口服务", "接口服务", "{FE42EB9C-6171-42B8-94DC-11F716691819}"
EndProject
Project("{2150E333-8FDC-42A3-9474-1A3956D46DE8}") = "前端UI", "前端UI", "{16454A7A-CAC0-40B8-9E9A-4EAC479472E6}"
EndProject
Project("{9A19103F-16F7-4668-BE54-9A1E7A4F7556}") = "TMod.Blog.Api", "TMod.Blog.Api\TMod.Blog.Api.csproj", "{F453A9D7-C94E-495E-9978-E388995527CB}"
EndProject
Project("{2150E333-8FDC-42A3-9474-1A3956D46DE8}") = "数据访问", "数据访问", "{CFA873AA-6A2C-40ED-A814-FF6AB376BDBE}"
EndProject
Project("{9A19103F-16F7-4668-BE54-9A1E7A4F7556}") = "TMod.Blog.Data", "TMod.Blog.Data\TMod.Blog.Data.csproj", "{4F941609-0A66-4549-9E02-62CE8435A007}"
EndProject
Project("{9A19103F-16F7-4668-BE54-9A1E7A4F7556}") = "TMod.Blog.Data.Abstractions", "TMod.Blog.Data.Abstractions\TMod.Blog.Data.Abstractions.csproj", "{AB288D98-D907-4995-9E6B-C63CC16CA4A8}"
EndProject
Project("{9A19103F-16F7-4668-BE54-9A1E7A4F7556}") = "TMod.Blog.Data.Repositories", "TMod.Blog.Data.Repositories\TMod.Blog.Data.Repositories.csproj", "{0A82CE8C-DA17-4B34-83F2-2E9F9935A48C}"
EndProject
Project("{9A19103F-16F7-4668-BE54-9A1E7A4F7556}") = "TMod.Blog.Data.Services", "TMod.Blog.Data.Services\TMod.Blog.Data.Services.csproj", "{93DFCF81-CAB8-4123-9E44-BC31431931F1}"
EndProject
Project("{9A19103F-16F7-4668-BE54-9A1E7A4F7556}") = "TMod.Blog.Data.Models", "TMod.Blog.Data.Models\TMod.Blog.Data.Models.csproj", "{D33E2192-BFFD-45DE-9755-DC710FADC658}"
EndProject
Project("{9A19103F-16F7-4668-BE54-9A1E7A4F7556}") = "TMod.Blog.Web", "TMod.Blog.Web\TMod.Blog.Web\TMod.Blog.Web.csproj", "{792E6D50-FE6E-4062-834F-99861C01FD44}"
EndProject
Project("{9A19103F-16F7-4668-BE54-9A1E7A4F7556}") = "TMod.Blog.Web.Client", "TMod.Blog.Web\TMod.Blog.Web.Client\TMod.Blog.Web.Client.csproj", "{A54A7AEA-E544-46B8-8D52-D93B034A3262}"
EndProject
Project("{9A19103F-16F7-4668-BE54-9A1E7A4F7556}") = "TMod.Blog.Web.Core", "TMod.Blog.Web\TMod.Blog.Web.Core\TMod.Blog.Web.Core.csproj", "{3D5FA19A-261A-4E5B-97F9-E6311E490F81}"
EndProject
Project("{9A19103F-16F7-4668-BE54-9A1E7A4F7556}") = "TMod.Blog.Web.Services.Abstraction", "TMod.Blog.Web\TMod.Blog.Web.Services.Abstraction\TMod.Blog.Web.Services.Abstraction.csproj", "{D6600B20-AA3E-423D-B65D-AF96E65923A1}"
EndProject
Project("{9A19103F-16F7-4668-BE54-9A1E7A4F7556}") = "TMod.Blog.Web.Services", "TMod.Blog.Web\TMod.Blog.Web.Services\TMod.Blog.Web.Services.csproj", "{3AD54AA1-0D1D-4164-B658-9149DB9AB940}"
EndProject
Project("{9A19103F-16F7-4668-BE54-9A1E7A4F7556}") = "TMod.Blog.Web.Services.Client", "TMod.Blog.Web\TMod.Blog.Web.Services.Client\TMod.Blog.Web.Services.Client.csproj", "{CEEB11BA-196A-44CB-8CC3-965868819F59}"
EndProject
Project("{9A19103F-16F7-4668-BE54-9A1E7A4F7556}") = "TMod.Blog.Web.Interactive", "TMod.Blog.Web\TMod.Blog.Web.Interactive\TMod.Blog.Web.Interactive.csproj", "{31FA80E0-F9AA-4CE7-8DB0-B409CB416F10}"
EndProject
Project("{9A19103F-16F7-4668-BE54-9A1E7A4F7556}") = "TMod.Blog.Web.Interactive.Abstraction", "TMod.Blog.Web\TMod.Blog.Web.Interactive.Abstraction\TMod.Blog.Web.Interactive.Abstraction.csproj", "{303F59CE-C0E3-47B0-8A2F-72338659FF13}"
EndProject
Project("{FAE04EC0-301F-11D3-BF4B-00C04F79EFBC}") = "TMod.Blog.Web.Models", "TMod.Blog.Web\TMod.Blog.Web.Models\TMod.Blog.Web.Models.csproj", "{DB9789C0-C6E2-4AE5-9383-1563D3AADCB4}"
EndProject
Global
	GlobalSection(SolutionConfigurationPlatforms) = preSolution
		Debug|Any CPU = Debug|Any CPU
		Release|Any CPU = Release|Any CPU
	EndGlobalSection
	GlobalSection(ProjectConfigurationPlatforms) = postSolution
		{F453A9D7-C94E-495E-9978-E388995527CB}.Debug|Any CPU.ActiveCfg = Debug|Any CPU
		{F453A9D7-C94E-495E-9978-E388995527CB}.Debug|Any CPU.Build.0 = Debug|Any CPU
		{F453A9D7-C94E-495E-9978-E388995527CB}.Release|Any CPU.ActiveCfg = Release|Any CPU
		{F453A9D7-C94E-495E-9978-E388995527CB}.Release|Any CPU.Build.0 = Release|Any CPU
		{4F941609-0A66-4549-9E02-62CE8435A007}.Debug|Any CPU.ActiveCfg = Debug|Any CPU
		{4F941609-0A66-4549-9E02-62CE8435A007}.Debug|Any CPU.Build.0 = Debug|Any CPU
		{4F941609-0A66-4549-9E02-62CE8435A007}.Release|Any CPU.ActiveCfg = Release|Any CPU
		{4F941609-0A66-4549-9E02-62CE8435A007}.Release|Any CPU.Build.0 = Release|Any CPU
		{AB288D98-D907-4995-9E6B-C63CC16CA4A8}.Debug|Any CPU.ActiveCfg = Debug|Any CPU
		{AB288D98-D907-4995-9E6B-C63CC16CA4A8}.Debug|Any CPU.Build.0 = Debug|Any CPU
		{AB288D98-D907-4995-9E6B-C63CC16CA4A8}.Release|Any CPU.ActiveCfg = Release|Any CPU
		{AB288D98-D907-4995-9E6B-C63CC16CA4A8}.Release|Any CPU.Build.0 = Release|Any CPU
		{0A82CE8C-DA17-4B34-83F2-2E9F9935A48C}.Debug|Any CPU.ActiveCfg = Debug|Any CPU
		{0A82CE8C-DA17-4B34-83F2-2E9F9935A48C}.Debug|Any CPU.Build.0 = Debug|Any CPU
		{0A82CE8C-DA17-4B34-83F2-2E9F9935A48C}.Release|Any CPU.ActiveCfg = Release|Any CPU
		{0A82CE8C-DA17-4B34-83F2-2E9F9935A48C}.Release|Any CPU.Build.0 = Release|Any CPU
		{93DFCF81-CAB8-4123-9E44-BC31431931F1}.Debug|Any CPU.ActiveCfg = Debug|Any CPU
		{93DFCF81-CAB8-4123-9E44-BC31431931F1}.Debug|Any CPU.Build.0 = Debug|Any CPU
		{93DFCF81-CAB8-4123-9E44-BC31431931F1}.Release|Any CPU.ActiveCfg = Release|Any CPU
		{93DFCF81-CAB8-4123-9E44-BC31431931F1}.Release|Any CPU.Build.0 = Release|Any CPU
		{D33E2192-BFFD-45DE-9755-DC710FADC658}.Debug|Any CPU.ActiveCfg = Debug|Any CPU
		{D33E2192-BFFD-45DE-9755-DC710FADC658}.Debug|Any CPU.Build.0 = Debug|Any CPU
		{D33E2192-BFFD-45DE-9755-DC710FADC658}.Release|Any CPU.ActiveCfg = Release|Any CPU
		{D33E2192-BFFD-45DE-9755-DC710FADC658}.Release|Any CPU.Build.0 = Release|Any CPU
		{792E6D50-FE6E-4062-834F-99861C01FD44}.Debug|Any CPU.ActiveCfg = Debug|Any CPU
		{792E6D50-FE6E-4062-834F-99861C01FD44}.Debug|Any CPU.Build.0 = Debug|Any CPU
		{792E6D50-FE6E-4062-834F-99861C01FD44}.Release|Any CPU.ActiveCfg = Release|Any CPU
		{792E6D50-FE6E-4062-834F-99861C01FD44}.Release|Any CPU.Build.0 = Release|Any CPU
		{A54A7AEA-E544-46B8-8D52-D93B034A3262}.Debug|Any CPU.ActiveCfg = Debug|Any CPU
		{A54A7AEA-E544-46B8-8D52-D93B034A3262}.Debug|Any CPU.Build.0 = Debug|Any CPU
		{A54A7AEA-E544-46B8-8D52-D93B034A3262}.Release|Any CPU.ActiveCfg = Release|Any CPU
		{A54A7AEA-E544-46B8-8D52-D93B034A3262}.Release|Any CPU.Build.0 = Release|Any CPU
		{3D5FA19A-261A-4E5B-97F9-E6311E490F81}.Debug|Any CPU.ActiveCfg = Debug|Any CPU
		{3D5FA19A-261A-4E5B-97F9-E6311E490F81}.Debug|Any CPU.Build.0 = Debug|Any CPU
		{3D5FA19A-261A-4E5B-97F9-E6311E490F81}.Release|Any CPU.ActiveCfg = Release|Any CPU
		{3D5FA19A-261A-4E5B-97F9-E6311E490F81}.Release|Any CPU.Build.0 = Release|Any CPU
		{D6600B20-AA3E-423D-B65D-AF96E65923A1}.Debug|Any CPU.ActiveCfg = Debug|Any CPU
		{D6600B20-AA3E-423D-B65D-AF96E65923A1}.Debug|Any CPU.Build.0 = Debug|Any CPU
		{D6600B20-AA3E-423D-B65D-AF96E65923A1}.Release|Any CPU.ActiveCfg = Release|Any CPU
		{D6600B20-AA3E-423D-B65D-AF96E65923A1}.Release|Any CPU.Build.0 = Release|Any CPU
		{3AD54AA1-0D1D-4164-B658-9149DB9AB940}.Debug|Any CPU.ActiveCfg = Debug|Any CPU
		{3AD54AA1-0D1D-4164-B658-9149DB9AB940}.Debug|Any CPU.Build.0 = Debug|Any CPU
		{3AD54AA1-0D1D-4164-B658-9149DB9AB940}.Release|Any CPU.ActiveCfg = Release|Any CPU
		{3AD54AA1-0D1D-4164-B658-9149DB9AB940}.Release|Any CPU.Build.0 = Release|Any CPU
		{CEEB11BA-196A-44CB-8CC3-965868819F59}.Debug|Any CPU.ActiveCfg = Debug|Any CPU
		{CEEB11BA-196A-44CB-8CC3-965868819F59}.Debug|Any CPU.Build.0 = Debug|Any CPU
		{CEEB11BA-196A-44CB-8CC3-965868819F59}.Release|Any CPU.ActiveCfg = Release|Any CPU
		{CEEB11BA-196A-44CB-8CC3-965868819F59}.Release|Any CPU.Build.0 = Release|Any CPU
		{31FA80E0-F9AA-4CE7-8DB0-B409CB416F10}.Debug|Any CPU.ActiveCfg = Debug|Any CPU
		{31FA80E0-F9AA-4CE7-8DB0-B409CB416F10}.Debug|Any CPU.Build.0 = Debug|Any CPU
		{31FA80E0-F9AA-4CE7-8DB0-B409CB416F10}.Release|Any CPU.ActiveCfg = Release|Any CPU
		{31FA80E0-F9AA-4CE7-8DB0-B409CB416F10}.Release|Any CPU.Build.0 = Release|Any CPU
		{303F59CE-C0E3-47B0-8A2F-72338659FF13}.Debug|Any CPU.ActiveCfg = Debug|Any CPU
		{303F59CE-C0E3-47B0-8A2F-72338659FF13}.Debug|Any CPU.Build.0 = Debug|Any CPU
		{303F59CE-C0E3-47B0-8A2F-72338659FF13}.Release|Any CPU.ActiveCfg = Release|Any CPU
		{303F59CE-C0E3-47B0-8A2F-72338659FF13}.Release|Any CPU.Build.0 = Release|Any CPU
		{DB9789C0-C6E2-4AE5-9383-1563D3AADCB4}.Debug|Any CPU.ActiveCfg = Debug|Any CPU
		{DB9789C0-C6E2-4AE5-9383-1563D3AADCB4}.Debug|Any CPU.Build.0 = Debug|Any CPU
		{DB9789C0-C6E2-4AE5-9383-1563D3AADCB4}.Release|Any CPU.ActiveCfg = Release|Any CPU
		{DB9789C0-C6E2-4AE5-9383-1563D3AADCB4}.Release|Any CPU.Build.0 = Release|Any CPU
	EndGlobalSection
	GlobalSection(SolutionProperties) = preSolution
		HideSolutionNode = FALSE
	EndGlobalSection
	GlobalSection(NestedProjects) = preSolution
		{F453A9D7-C94E-495E-9978-E388995527CB} = {FE42EB9C-6171-42B8-94DC-11F716691819}
		{CFA873AA-6A2C-40ED-A814-FF6AB376BDBE} = {FE42EB9C-6171-42B8-94DC-11F716691819}
		{4F941609-0A66-4549-9E02-62CE8435A007} = {CFA873AA-6A2C-40ED-A814-FF6AB376BDBE}
		{AB288D98-D907-4995-9E6B-C63CC16CA4A8} = {CFA873AA-6A2C-40ED-A814-FF6AB376BDBE}
		{0A82CE8C-DA17-4B34-83F2-2E9F9935A48C} = {CFA873AA-6A2C-40ED-A814-FF6AB376BDBE}
		{93DFCF81-CAB8-4123-9E44-BC31431931F1} = {CFA873AA-6A2C-40ED-A814-FF6AB376BDBE}
		{D33E2192-BFFD-45DE-9755-DC710FADC658} = {CFA873AA-6A2C-40ED-A814-FF6AB376BDBE}
		{792E6D50-FE6E-4062-834F-99861C01FD44} = {16454A7A-CAC0-40B8-9E9A-4EAC479472E6}
		{A54A7AEA-E544-46B8-8D52-D93B034A3262} = {16454A7A-CAC0-40B8-9E9A-4EAC479472E6}
		{3D5FA19A-261A-4E5B-97F9-E6311E490F81} = {16454A7A-CAC0-40B8-9E9A-4EAC479472E6}
		{D6600B20-AA3E-423D-B65D-AF96E65923A1} = {16454A7A-CAC0-40B8-9E9A-4EAC479472E6}
		{3AD54AA1-0D1D-4164-B658-9149DB9AB940} = {16454A7A-CAC0-40B8-9E9A-4EAC479472E6}
		{CEEB11BA-196A-44CB-8CC3-965868819F59} = {16454A7A-CAC0-40B8-9E9A-4EAC479472E6}
		{31FA80E0-F9AA-4CE7-8DB0-B409CB416F10} = {16454A7A-CAC0-40B8-9E9A-4EAC479472E6}
		{303F59CE-C0E3-47B0-8A2F-72338659FF13} = {16454A7A-CAC0-40B8-9E9A-4EAC479472E6}
		{DB9789C0-C6E2-4AE5-9383-1563D3AADCB4} = {16454A7A-CAC0-40B8-9E9A-4EAC479472E6}
	EndGlobalSection
	GlobalSection(ExtensibilityGlobals) = postSolution
		SolutionGuid = {D9BE73F8-9AE0-415B-AA14-91199B369F74}
	EndGlobalSection
EndGlobal
